
Microsoft Visual Studio Solution File, Format Version 12.00
# Visual Studio 2013
VisualStudioVersion = 12.0.40629.0
MinimumVisualStudioVersion = 10.0.40219.1
Project("{8BC9CEB8-8B4A-11D0-8D11-00A0C91BC942}") = "labeless_olly", "labeless_olly\labeless_olly.vcxproj", "{2D0215D2-2106-4907-A2A0-C16DE4EEF92F}"
EndProject
Project("{8BC9CEB8-8B4A-11D0-8D11-00A0C91BC942}") = "labeless_ida", "labeless_ida\labeless_ida.vcxproj", "{ADCF29E6-8039-4ABF-B6CD-28BAEF0793C3}"
EndProject
Project("{2150E333-8FDC-42A3-9474-1A3956D46DE8}") = "common", "common", "{9D0A5DD8-AECB-44F4-ABDB-3D25EB7ED509}"
	ProjectSection(SolutionItems) = preProject
		common\version.h = common\version.h
	EndProjectSection
EndProject
Project("{8BC9CEB8-8B4A-11D0-8D11-00A0C91BC942}") = "libprotobuf", "3rdparty\protobuf-2.6.1\vsprojects\libprotobuf.vcxproj", "{3E283F37-A4ED-41B7-A3E6-A2D89D131A30}"
EndProject
Project("{8BC9CEB8-8B4A-11D0-8D11-00A0C91BC942}") = "labeless_olly2", "labeless_olly2\labeless_olly2.vcxproj", "{230B05C0-2694-4888-9BB8-86ED666B6F88}"
EndProject
Project("{8BC9CEB8-8B4A-11D0-8D11-00A0C91BC942}") = "labeless_x64dbg", "labeless_x64dbg\labeless_x64dbg.vcxproj", "{8D02D1C4-D4AA-4A77-B88A-5F1FE7CF1079}"
EndProject
Global
	GlobalSection(SolutionConfigurationPlatforms) = preSolution
		Release_DeFixed|Win32 = Release_DeFixed|Win32
		Release_DeFixed|x64 = Release_DeFixed|x64
		Release_vc120_mb|Win32 = Release_vc120_mb|Win32
		Release_vc120_mb|x64 = Release_vc120_mb|x64
		Release_vc120_uni|Win32 = Release_vc120_uni|Win32
		Release_vc120_uni|x64 = Release_vc120_uni|x64
		Release_x64|Win32 = Release_x64|Win32
		Release_x64|x64 = Release_x64|x64
		Release|Win32 = Release|Win32
		Release|x64 = Release|x64
	EndGlobalSection
	GlobalSection(ProjectConfigurationPlatforms) = postSolution
		{2D0215D2-2106-4907-A2A0-C16DE4EEF92F}.Release_DeFixed|Win32.ActiveCfg = Release_DeFixed|Win32
		{2D0215D2-2106-4907-A2A0-C16DE4EEF92F}.Release_DeFixed|Win32.Build.0 = Release_DeFixed|Win32
		{2D0215D2-2106-4907-A2A0-C16DE4EEF92F}.Release_DeFixed|x64.ActiveCfg = Release_DeFixed|Win32
		{2D0215D2-2106-4907-A2A0-C16DE4EEF92F}.Release_vc120_mb|Win32.ActiveCfg = Release_DeFixed|Win32
		{2D0215D2-2106-4907-A2A0-C16DE4EEF92F}.Release_vc120_mb|Win32.Build.0 = Release_DeFixed|Win32
		{2D0215D2-2106-4907-A2A0-C16DE4EEF92F}.Release_vc120_mb|x64.ActiveCfg = Release_DeFixed|Win32
		{2D0215D2-2106-4907-A2A0-C16DE4EEF92F}.Release_vc120_uni|Win32.ActiveCfg = Release_DeFixed|Win32
		{2D0215D2-2106-4907-A2A0-C16DE4EEF92F}.Release_vc120_uni|Win32.Build.0 = Release_DeFixed|Win32
		{2D0215D2-2106-4907-A2A0-C16DE4EEF92F}.Release_vc120_uni|x64.ActiveCfg = Release_DeFixed|Win32
		{2D0215D2-2106-4907-A2A0-C16DE4EEF92F}.Release_x64|Win32.ActiveCfg = Release|Win32
		{2D0215D2-2106-4907-A2A0-C16DE4EEF92F}.Release_x64|Win32.Build.0 = Release|Win32
		{2D0215D2-2106-4907-A2A0-C16DE4EEF92F}.Release_x64|x64.ActiveCfg = Release|Win32
		{2D0215D2-2106-4907-A2A0-C16DE4EEF92F}.Release|Win32.ActiveCfg = Release|Win32
		{2D0215D2-2106-4907-A2A0-C16DE4EEF92F}.Release|Win32.Build.0 = Release|Win32
		{2D0215D2-2106-4907-A2A0-C16DE4EEF92F}.Release|x64.ActiveCfg = Release|Win32
		{ADCF29E6-8039-4ABF-B6CD-28BAEF0793C3}.Release_DeFixed|Win32.ActiveCfg = Release_vc140|Win32
		{ADCF29E6-8039-4ABF-B6CD-28BAEF0793C3}.Release_DeFixed|Win32.Build.0 = Release_vc140|Win32
		{ADCF29E6-8039-4ABF-B6CD-28BAEF0793C3}.Release_DeFixed|x64.ActiveCfg = Release_vc140_x64|Win32
		{ADCF29E6-8039-4ABF-B6CD-28BAEF0793C3}.Release_vc120_mb|Win32.ActiveCfg = Release_vc120|Win32
		{ADCF29E6-8039-4ABF-B6CD-28BAEF0793C3}.Release_vc120_mb|Win32.Build.0 = Release_vc120|Win32
		{ADCF29E6-8039-4ABF-B6CD-28BAEF0793C3}.Release_vc120_mb|x64.ActiveCfg = Release_vc120_x64|Win32
		{ADCF29E6-8039-4ABF-B6CD-28BAEF0793C3}.Release_vc120_uni|Win32.ActiveCfg = Release_vc120|Win32
		{ADCF29E6-8039-4ABF-B6CD-28BAEF0793C3}.Release_vc120_uni|Win32.Build.0 = Release_vc120|Win32
		{ADCF29E6-8039-4ABF-B6CD-28BAEF0793C3}.Release_vc120_uni|x64.ActiveCfg = Release_vc120_x64|Win32
		{ADCF29E6-8039-4ABF-B6CD-28BAEF0793C3}.Release_x64|Win32.ActiveCfg = Release_vc120_x64|Win32
		{ADCF29E6-8039-4ABF-B6CD-28BAEF0793C3}.Release_x64|Win32.Build.0 = Release_vc120_x64|Win32
		{ADCF29E6-8039-4ABF-B6CD-28BAEF0793C3}.Release_x64|x64.ActiveCfg = Release_vc120_x64|Win32
		{ADCF29E6-8039-4ABF-B6CD-28BAEF0793C3}.Release|Win32.ActiveCfg = Release_vc120|Win32
		{ADCF29E6-8039-4ABF-B6CD-28BAEF0793C3}.Release|Win32.Build.0 = Release_vc120|Win32
		{ADCF29E6-8039-4ABF-B6CD-28BAEF0793C3}.Release|x64.ActiveCfg = Release_vc120_x64|Win32
		{3E283F37-A4ED-41B7-A3E6-A2D89D131A30}.Release_DeFixed|Win32.ActiveCfg = Release_vc120_xp_uni|Win32
		{3E283F37-A4ED-41B7-A3E6-A2D89D131A30}.Release_DeFixed|Win32.Build.0 = Release_vc120_xp_uni|Win32
		{3E283F37-A4ED-41B7-A3E6-A2D89D131A30}.Release_DeFixed|x64.ActiveCfg = Release_vc120_xp_uni|Win32
		{3E283F37-A4ED-41B7-A3E6-A2D89D131A30}.Release_vc120_mb|Win32.ActiveCfg = Release_vc120_xp_uni|Win32
		{3E283F37-A4ED-41B7-A3E6-A2D89D131A30}.Release_vc120_mb|Win32.Build.0 = Release_vc120_xp_uni|Win32
		{3E283F37-A4ED-41B7-A3E6-A2D89D131A30}.Release_vc120_mb|x64.ActiveCfg = Release_vc120_xp_mb|x64
		{3E283F37-A4ED-41B7-A3E6-A2D89D131A30}.Release_vc120_mb|x64.Build.0 = Release_vc120_xp_mb|x64
		{3E283F37-A4ED-41B7-A3E6-A2D89D131A30}.Release_vc120_uni|Win32.ActiveCfg = Release_vc120_xp_uni|Win32
		{3E283F37-A4ED-41B7-A3E6-A2D89D131A30}.Release_vc120_uni|Win32.Build.0 = Release_vc120_xp_uni|Win32
		{3E283F37-A4ED-41B7-A3E6-A2D89D131A30}.Release_vc120_uni|x64.ActiveCfg = Release_vc120_xp_uni|x64
		{3E283F37-A4ED-41B7-A3E6-A2D89D131A30}.Release_vc120_uni|x64.Build.0 = Release_vc120_xp_uni|x64
		{3E283F37-A4ED-41B7-A3E6-A2D89D131A30}.Release_x64|Win32.ActiveCfg = Release_vc120_xp_mb|Win32
		{3E283F37-A4ED-41B7-A3E6-A2D89D131A30}.Release_x64|x64.ActiveCfg = Release_vc100_mb|x64
		{3E283F37-A4ED-41B7-A3E6-A2D89D131A30}.Release|Win32.ActiveCfg = Release_vc100_mb|Win32
		{3E283F37-A4ED-41B7-A3E6-A2D89D131A30}.Release|Win32.Build.0 = Release_vc100_mb|Win32
		{3E283F37-A4ED-41B7-A3E6-A2D89D131A30}.Release|x64.ActiveCfg = Release_vc120_xp_uni|x64
		{230B05C0-2694-4888-9BB8-86ED666B6F88}.Release_DeFixed|Win32.ActiveCfg = Release|Win32
		{230B05C0-2694-4888-9BB8-86ED666B6F88}.Release_DeFixed|Win32.Build.0 = Release|Win32
		{230B05C0-2694-4888-9BB8-86ED666B6F88}.Release_DeFixed|x64.ActiveCfg = Release|Win32
		{230B05C0-2694-4888-9BB8-86ED666B6F88}.Release_vc120_mb|Win32.ActiveCfg = Release|Win32
		{230B05C0-2694-4888-9BB8-86ED666B6F88}.Release_vc120_mb|Win32.Build.0 = Release|Win32
		{230B05C0-2694-4888-9BB8-86ED666B6F88}.Release_vc120_mb|x64.ActiveCfg = Release|Win32
		{230B05C0-2694-4888-9BB8-86ED666B6F88}.Release_vc120_uni|Win32.ActiveCfg = Release|Win32
		{230B05C0-2694-4888-9BB8-86ED666B6F88}.Release_vc120_uni|Win32.Build.0 = Release|Win32
		{230B05C0-2694-4888-9BB8-86ED666B6F88}.Release_vc120_uni|x64.ActiveCfg = Release|Win32
		{230B05C0-2694-4888-9BB8-86ED666B6F88}.Release_x64|Win32.ActiveCfg = Release|Win32
		{230B05C0-2694-4888-9BB8-86ED666B6F88}.Release_x64|Win32.Build.0 = Release|Win32
		{230B05C0-2694-4888-9BB8-86ED666B6F88}.Release_x64|x64.ActiveCfg = Release|Win32
		{230B05C0-2694-4888-9BB8-86ED666B6F88}.Release|Win32.ActiveCfg = Release|Win32
		{230B05C0-2694-4888-9BB8-86ED666B6F88}.Release|Win32.Build.0 = Release|Win32
		{230B05C0-2694-4888-9BB8-86ED666B6F88}.Release|x64.ActiveCfg = Release|Win32
		{8D02D1C4-D4AA-4A77-B88A-5F1FE7CF1079}.Release_DeFixed|Win32.ActiveCfg = Release|Win32
		{8D02D1C4-D4AA-4A77-B88A-5F1FE7CF1079}.Release_DeFixed|Win32.Build.0 = Release|Win32
		{8D02D1C4-D4AA-4A77-B88A-5F1FE7CF1079}.Release_DeFixed|x64.ActiveCfg = Release|x64
		{8D02D1C4-D4AA-4A77-B88A-5F1FE7CF1079}.Release_DeFixed|x64.Build.0 = Release|x64
		{8D02D1C4-D4AA-4A77-B88A-5F1FE7CF1079}.Release_vc120_mb|Win32.ActiveCfg = Release|Win32
		{8D02D1C4-D4AA-4A77-B88A-5F1FE7CF1079}.Release_vc120_mb|Win32.Build.0 = Release|Win32
		{8D02D1C4-D4AA-4A77-B88A-5F1FE7CF1079}.Release_vc120_mb|x64.ActiveCfg = Release|x64
		{8D02D1C4-D4AA-4A77-B88A-5F1FE7CF1079}.Release_vc120_mb|x64.Build.0 = Release|x64
		{8D02D1C4-D4AA-4A77-B88A-5F1FE7CF1079}.Release_vc120_uni|Win32.ActiveCfg = Release|Win32
		{8D02D1C4-D4AA-4A77-B88A-5F1FE7CF1079}.Release_vc120_uni|Win32.Build.0 = Release|Win32
		{8D02D1C4-D4AA-4A77-B88A-5F1FE7CF1079}.Release_vc120_uni|x64.ActiveCfg = Release|x64
		{8D02D1C4-D4AA-4A77-B88A-5F1FE7CF1079}.Release_vc120_uni|x64.Build.0 = Release|x64
		{8D02D1C4-D4AA-4A77-B88A-5F1FE7CF1079}.Release_x64|Win32.ActiveCfg = Release|Win32
		{8D02D1C4-D4AA-4A77-B88A-5F1FE7CF1079}.Release_x64|Win32.Build.0 = Release|Win32
		{8D02D1C4-D4AA-4A77-B88A-5F1FE7CF1079}.Release_x64|x64.ActiveCfg = Release|x64
		{8D02D1C4-D4AA-4A77-B88A-5F1FE7CF1079}.Release_x64|x64.Build.0 = Release|x64
		{8D02D1C4-D4AA-4A77-B88A-5F1FE7CF1079}.Release|Win32.ActiveCfg = Release|Win32
		{8D02D1C4-D4AA-4A77-B88A-5F1FE7CF1079}.Release|Win32.Build.0 = Release|Win32
		{8D02D1C4-D4AA-4A77-B88A-5F1FE7CF1079}.Release|x64.ActiveCfg = Release|x64
		{8D02D1C4-D4AA-4A77-B88A-5F1FE7CF1079}.Release|x64.Build.0 = Release|x64
	EndGlobalSection
	GlobalSection(SolutionProperties) = preSolution
		HideSolutionNode = FALSE
	EndGlobalSection
	GlobalSection(NestedProjects) = preSolution
		{3E283F37-A4ED-41B7-A3E6-A2D89D131A30} = {9D0A5DD8-AECB-44F4-ABDB-3D25EB7ED509}
	EndGlobalSection
EndGlobal
